// !$*UTF8*$!
{
	archiveVersion = 1;
	classes = {
	};
	objectVersion = 56;
	objects = {

/* Begin PBXBuildFile section */
		27419E772BCB38320041C1DD /* InMemoryApp.swift in Sources */ = {isa = PBXBuildFile; fileRef = 27419E762BCB38320041C1DD /* InMemoryApp.swift */; };
		27419E792BCB38320041C1DD /* ContentView.swift in Sources */ = {isa = PBXBuildFile; fileRef = 27419E782BCB38320041C1DD /* ContentView.swift */; };
		27419E7B2BCB38340041C1DD /* Assets.xcassets in Resources */ = {isa = PBXBuildFile; fileRef = 27419E7A2BCB38340041C1DD /* Assets.xcassets */; };
		27419E7E2BCB38340041C1DD /* Preview Assets.xcassets in Resources */ = {isa = PBXBuildFile; fileRef = 27419E7D2BCB38340041C1DD /* Preview Assets.xcassets */; };
		27419E852BCB3B630041C1DD /* GardenView.swift in Sources */ = {isa = PBXBuildFile; fileRef = 27419E842BCB3B630041C1DD /* GardenView.swift */; };
		27419E872BCB409E0041C1DD /* NewGardenView.swift in Sources */ = {isa = PBXBuildFile; fileRef = 27419E862BCB409E0041C1DD /* NewGardenView.swift */; };
		27419E892BCB478B0041C1DD /* Backgrounds.swift in Sources */ = {isa = PBXBuildFile; fileRef = 27419E882BCB478B0041C1DD /* Backgrounds.swift */; };
		27419E8B2BCB578E0041C1DD /* ResourcesView.swift in Sources */ = {isa = PBXBuildFile; fileRef = 27419E8A2BCB578E0041C1DD /* ResourcesView.swift */; };
		27419E8D2BCB579E0041C1DD /* EditorView.swift in Sources */ = {isa = PBXBuildFile; fileRef = 27419E8C2BCB579E0041C1DD /* EditorView.swift */; };
		27419E8F2BCB57D10041C1DD /* JournalView.swift in Sources */ = {isa = PBXBuildFile; fileRef = 27419E8E2BCB57D10041C1DD /* JournalView.swift */; };
		27419E912BCB6B9D0041C1DD /* FlowerView.swift in Sources */ = {isa = PBXBuildFile; fileRef = 27419E902BCB6B9D0041C1DD /* FlowerView.swift */; };
		27419E932BCB89A90041C1DD /* StoneGrassView.swift in Sources */ = {isa = PBXBuildFile; fileRef = 27419E922BCB89A90041C1DD /* StoneGrassView.swift */; };
		27419E952BCB8AF20041C1DD /* CandleView.swift in Sources */ = {isa = PBXBuildFile; fileRef = 27419E942BCB8AF20041C1DD /* CandleView.swift */; };
		27419E972BCB907F0041C1DD /* CircleButtonView.swift in Sources */ = {isa = PBXBuildFile; fileRef = 27419E962BCB907F0041C1DD /* CircleButtonView.swift */; };
		4B66E92B2BCB56FF00570E87 /* GardenData.swift in Sources */ = {isa = PBXBuildFile; fileRef = 4B66E92A2BCB56FF00570E87 /* GardenData.swift */; };
		4B66E9332BCB87A600570E87 /* GoogleService-Info.plist in Resources */ = {isa = PBXBuildFile; fileRef = 4B66E9322BCB87A600570E87 /* GoogleService-Info.plist */; };
		4B66E9362BCB89BF00570E87 /* FirebaseFirestore in Frameworks */ = {isa = PBXBuildFile; productRef = 4B66E9352BCB89BF00570E87 /* FirebaseFirestore */; };
		4B66E9382BCB89BF00570E87 /* FirebaseFirestoreSwift in Frameworks */ = {isa = PBXBuildFile; productRef = 4B66E9372BCB89BF00570E87 /* FirebaseFirestoreSwift */; };
		4B66E93A2BCB89BF00570E87 /* FirebaseStorage in Frameworks */ = {isa = PBXBuildFile; productRef = 4B66E9392BCB89BF00570E87 /* FirebaseStorage */; };
/* End PBXBuildFile section */

/* Begin PBXFileReference section */
		27419E732BCB38320041C1DD /* InMemory.app */ = {isa = PBXFileReference; explicitFileType = wrapper.application; includeInIndex = 0; path = InMemory.app; sourceTree = BUILT_PRODUCTS_DIR; };
		27419E762BCB38320041C1DD /* InMemoryApp.swift */ = {isa = PBXFileReference; lastKnownFileType = sourcecode.swift; path = InMemoryApp.swift; sourceTree = "<group>"; };
		27419E782BCB38320041C1DD /* ContentView.swift */ = {isa = PBXFileReference; lastKnownFileType = sourcecode.swift; path = ContentView.swift; sourceTree = "<group>"; };
		27419E7A2BCB38340041C1DD /* Assets.xcassets */ = {isa = PBXFileReference; lastKnownFileType = folder.assetcatalog; path = Assets.xcassets; sourceTree = "<group>"; };
		27419E7D2BCB38340041C1DD /* Preview Assets.xcassets */ = {isa = PBXFileReference; lastKnownFileType = folder.assetcatalog; path = "Preview Assets.xcassets"; sourceTree = "<group>"; };
		27419E842BCB3B630041C1DD /* GardenView.swift */ = {isa = PBXFileReference; lastKnownFileType = sourcecode.swift; path = GardenView.swift; sourceTree = "<group>"; };
		27419E862BCB409E0041C1DD /* NewGardenView.swift */ = {isa = PBXFileReference; lastKnownFileType = sourcecode.swift; path = NewGardenView.swift; sourceTree = "<group>"; };
		27419E882BCB478B0041C1DD /* Backgrounds.swift */ = {isa = PBXFileReference; lastKnownFileType = sourcecode.swift; path = Backgrounds.swift; sourceTree = "<group>"; };
		27419E8A2BCB578E0041C1DD /* ResourcesView.swift */ = {isa = PBXFileReference; lastKnownFileType = sourcecode.swift; path = ResourcesView.swift; sourceTree = "<group>"; };
		27419E8C2BCB579E0041C1DD /* EditorView.swift */ = {isa = PBXFileReference; lastKnownFileType = sourcecode.swift; path = EditorView.swift; sourceTree = "<group>"; };
		27419E8E2BCB57D10041C1DD /* JournalView.swift */ = {isa = PBXFileReference; lastKnownFileType = sourcecode.swift; path = JournalView.swift; sourceTree = "<group>"; };
		27419E902BCB6B9D0041C1DD /* FlowerView.swift */ = {isa = PBXFileReference; lastKnownFileType = sourcecode.swift; path = FlowerView.swift; sourceTree = "<group>"; };
		27419E922BCB89A90041C1DD /* StoneGrassView.swift */ = {isa = PBXFileReference; lastKnownFileType = sourcecode.swift; path = StoneGrassView.swift; sourceTree = "<group>"; };
		27419E942BCB8AF20041C1DD /* CandleView.swift */ = {isa = PBXFileReference; lastKnownFileType = sourcecode.swift; path = CandleView.swift; sourceTree = "<group>"; };
		27419E962BCB907F0041C1DD /* CircleButtonView.swift */ = {isa = PBXFileReference; lastKnownFileType = sourcecode.swift; path = CircleButtonView.swift; sourceTree = "<group>"; };
		4B66E92A2BCB56FF00570E87 /* GardenData.swift */ = {isa = PBXFileReference; lastKnownFileType = sourcecode.swift; path = GardenData.swift; sourceTree = "<group>"; };
		4B66E9322BCB87A600570E87 /* GoogleService-Info.plist */ = {isa = PBXFileReference; fileEncoding = 4; lastKnownFileType = text.plist.xml; path = "GoogleService-Info.plist"; sourceTree = "<group>"; };
/* End PBXFileReference section */

/* Begin PBXFrameworksBuildPhase section */
		27419E702BCB38320041C1DD /* Frameworks */ = {
			isa = PBXFrameworksBuildPhase;
			buildActionMask = 2147483647;
			files = (
				4B66E9362BCB89BF00570E87 /* FirebaseFirestore in Frameworks */,
				4B66E9382BCB89BF00570E87 /* FirebaseFirestoreSwift in Frameworks */,
				4B66E93A2BCB89BF00570E87 /* FirebaseStorage in Frameworks */,
			);
			runOnlyForDeploymentPostprocessing = 0;
		};
/* End PBXFrameworksBuildPhase section */

/* Begin PBXGroup section */
		27419E6A2BCB38320041C1DD = {
			isa = PBXGroup;
			children = (
				27419E752BCB38320041C1DD /* InMemory */,
				27419E742BCB38320041C1DD /* Products */,
			);
			sourceTree = "<group>";
		};
		27419E742BCB38320041C1DD /* Products */ = {
			isa = PBXGroup;
			children = (
				27419E732BCB38320041C1DD /* InMemory.app */,
			);
			name = Products;
			sourceTree = "<group>";
		};
		27419E752BCB38320041C1DD /* InMemory */ = {
			isa = PBXGroup;
			children = (
				4B66E9322BCB87A600570E87 /* GoogleService-Info.plist */,
				4B66E92A2BCB56FF00570E87 /* GardenData.swift */,
				27419E862BCB409E0041C1DD /* NewGardenView.swift */,
				27419E762BCB38320041C1DD /* InMemoryApp.swift */,
				27419E782BCB38320041C1DD /* ContentView.swift */,
				27419E842BCB3B630041C1DD /* GardenView.swift */,
				27419E8C2BCB579E0041C1DD /* EditorView.swift */,
				27419E882BCB478B0041C1DD /* Backgrounds.swift */,
				27419E8A2BCB578E0041C1DD /* ResourcesView.swift */,
				27419E902BCB6B9D0041C1DD /* FlowerView.swift */,
				27419E8E2BCB57D10041C1DD /* JournalView.swift */,
				27419E922BCB89A90041C1DD /* StoneGrassView.swift */,
				27419E962BCB907F0041C1DD /* CircleButtonView.swift */,
				27419E942BCB8AF20041C1DD /* CandleView.swift */,
				27419E7A2BCB38340041C1DD /* Assets.xcassets */,
				27419E7C2BCB38340041C1DD /* Preview Content */,
			);
			path = InMemory;
			sourceTree = "<group>";
		};
		27419E7C2BCB38340041C1DD /* Preview Content */ = {
			isa = PBXGroup;
			children = (
				27419E7D2BCB38340041C1DD /* Preview Assets.xcassets */,
			);
			path = "Preview Content";
			sourceTree = "<group>";
		};
/* End PBXGroup section */

/* Begin PBXNativeTarget section */
		27419E722BCB38320041C1DD /* InMemory */ = {
			isa = PBXNativeTarget;
			buildConfigurationList = 27419E812BCB38340041C1DD /* Build configuration list for PBXNativeTarget "InMemory" */;
			buildPhases = (
				27419E6F2BCB38320041C1DD /* Sources */,
				27419E702BCB38320041C1DD /* Frameworks */,
				27419E712BCB38320041C1DD /* Resources */,
				4B66E93C2BCB914600570E87 /* Run SwiftLint */,
			);
			buildRules = (
			);
			dependencies = (
			);
			name = InMemory;
			packageProductDependencies = (
				4B66E9352BCB89BF00570E87 /* FirebaseFirestore */,
				4B66E9372BCB89BF00570E87 /* FirebaseFirestoreSwift */,
				4B66E9392BCB89BF00570E87 /* FirebaseStorage */,
			);
			productName = InMemory;
			productReference = 27419E732BCB38320041C1DD /* InMemory.app */;
			productType = "com.apple.product-type.application";
		};
/* End PBXNativeTarget section */

/* Begin PBXProject section */
		27419E6B2BCB38320041C1DD /* Project object */ = {
			isa = PBXProject;
			attributes = {
				BuildIndependentTargetsInParallel = 1;
				LastSwiftUpdateCheck = 1530;
				LastUpgradeCheck = 1530;
				TargetAttributes = {
					27419E722BCB38320041C1DD = {
						CreatedOnToolsVersion = 15.3;
					};
				};
			};
			buildConfigurationList = 27419E6E2BCB38320041C1DD /* Build configuration list for PBXProject "InMemory" */;
			compatibilityVersion = "Xcode 14.0";
			developmentRegion = en;
			hasScannedForEncodings = 0;
			knownRegions = (
				en,
				Base,
			);
			mainGroup = 27419E6A2BCB38320041C1DD;
			packageReferences = (
				4B66E9342BCB89BF00570E87 /* XCRemoteSwiftPackageReference "firebase-ios-sdk" */,
			);
			productRefGroup = 27419E742BCB38320041C1DD /* Products */;
			projectDirPath = "";
			projectRoot = "";
			targets = (
				27419E722BCB38320041C1DD /* InMemory */,
			);
		};
/* End PBXProject section */

/* Begin PBXResourcesBuildPhase section */
		27419E712BCB38320041C1DD /* Resources */ = {
			isa = PBXResourcesBuildPhase;
			buildActionMask = 2147483647;
			files = (
				27419E7E2BCB38340041C1DD /* Preview Assets.xcassets in Resources */,
				27419E7B2BCB38340041C1DD /* Assets.xcassets in Resources */,
				4B66E9332BCB87A600570E87 /* GoogleService-Info.plist in Resources */,
			);
			runOnlyForDeploymentPostprocessing = 0;
		};
/* End PBXResourcesBuildPhase section */

/* Begin PBXShellScriptBuildPhase section */
		4B66E93C2BCB914600570E87 /* Run SwiftLint */ = {
			isa = PBXShellScriptBuildPhase;
			buildActionMask = 2147483647;
			files = (
			);
			inputFileListPaths = (
			);
			inputPaths = (
			);
			name = "Run SwiftLint";
			outputFileListPaths = (
			);
			outputPaths = (
			);
			runOnlyForDeploymentPostprocessing = 0;
			shellPath = /bin/sh;
			shellScript = "if [[ \"$(uname -m)\" == arm64 ]]; then\n    export PATH=\"/opt/homebrew/bin:$PATH\"\nfi\n\nif which swiftlint >/dev/null; then\n    swiftlint --fix && swiftlint\nelse\n    echo \"warning: SwiftLint not installed, download from https://github.com/realm/SwiftLint\"\nfi\n";
		};
/* End PBXShellScriptBuildPhase section */

/* Begin PBXSourcesBuildPhase section */
		27419E6F2BCB38320041C1DD /* Sources */ = {
			isa = PBXSourcesBuildPhase;
			buildActionMask = 2147483647;
			files = (
				27419E8B2BCB578E0041C1DD /* ResourcesView.swift in Sources */,
				27419E952BCB8AF20041C1DD /* CandleView.swift in Sources */,
				27419E892BCB478B0041C1DD /* Backgrounds.swift in Sources */,
				27419E8F2BCB57D10041C1DD /* JournalView.swift in Sources */,
				27419E872BCB409E0041C1DD /* NewGardenView.swift in Sources */,
				4B66E92B2BCB56FF00570E87 /* GardenData.swift in Sources */,
				27419E8D2BCB579E0041C1DD /* EditorView.swift in Sources */,
				27419E792BCB38320041C1DD /* ContentView.swift in Sources */,
				27419E852BCB3B630041C1DD /* GardenView.swift in Sources */,
				27419E912BCB6B9D0041C1DD /* FlowerView.swift in Sources */,
				27419E932BCB89A90041C1DD /* StoneGrassView.swift in Sources */,
				27419E972BCB907F0041C1DD /* CircleButtonView.swift in Sources */,
				27419E772BCB38320041C1DD /* InMemoryApp.swift in Sources */,
			);
			runOnlyForDeploymentPostprocessing = 0;
		};
/* End PBXSourcesBuildPhase section */

/* Begin XCBuildConfiguration section */
		27419E7F2BCB38340041C1DD /* Debug */ = {
			isa = XCBuildConfiguration;
			buildSettings = {
				ALWAYS_SEARCH_USER_PATHS = NO;
				ASSETCATALOG_COMPILER_GENERATE_SWIFT_ASSET_SYMBOL_EXTENSIONS = YES;
				CLANG_ANALYZER_NONNULL = YES;
				CLANG_ANALYZER_NUMBER_OBJECT_CONVERSION = YES_AGGRESSIVE;
				CLANG_CXX_LANGUAGE_STANDARD = "gnu++20";
				CLANG_ENABLE_MODULES = YES;
				CLANG_ENABLE_OBJC_ARC = YES;
				CLANG_ENABLE_OBJC_WEAK = YES;
				CLANG_WARN_BLOCK_CAPTURE_AUTORELEASING = YES;
				CLANG_WARN_BOOL_CONVERSION = YES;
				CLANG_WARN_COMMA = YES;
				CLANG_WARN_CONSTANT_CONVERSION = YES;
				CLANG_WARN_DEPRECATED_OBJC_IMPLEMENTATIONS = YES;
				CLANG_WARN_DIRECT_OBJC_ISA_USAGE = YES_ERROR;
				CLANG_WARN_DOCUMENTATION_COMMENTS = YES;
				CLANG_WARN_EMPTY_BODY = YES;
				CLANG_WARN_ENUM_CONVERSION = YES;
				CLANG_WARN_INFINITE_RECURSION = YES;
				CLANG_WARN_INT_CONVERSION = YES;
				CLANG_WARN_NON_LITERAL_NULL_CONVERSION = YES;
				CLANG_WARN_OBJC_IMPLICIT_RETAIN_SELF = YES;
				CLANG_WARN_OBJC_LITERAL_CONVERSION = YES;
				CLANG_WARN_OBJC_ROOT_CLASS = YES_ERROR;
				CLANG_WARN_QUOTED_INCLUDE_IN_FRAMEWORK_HEADER = YES;
				CLANG_WARN_RANGE_LOOP_ANALYSIS = YES;
				CLANG_WARN_STRICT_PROTOTYPES = YES;
				CLANG_WARN_SUSPICIOUS_MOVE = YES;
				CLANG_WARN_UNGUARDED_AVAILABILITY = YES_AGGRESSIVE;
				CLANG_WARN_UNREACHABLE_CODE = YES;
				CLANG_WARN__DUPLICATE_METHOD_MATCH = YES;
				COPY_PHASE_STRIP = NO;
				DEBUG_INFORMATION_FORMAT = dwarf;
				ENABLE_STRICT_OBJC_MSGSEND = YES;
				ENABLE_TESTABILITY = YES;
				ENABLE_USER_SCRIPT_SANDBOXING = YES;
				GCC_C_LANGUAGE_STANDARD = gnu17;
				GCC_DYNAMIC_NO_PIC = NO;
				GCC_NO_COMMON_BLOCKS = YES;
				GCC_OPTIMIZATION_LEVEL = 0;
				GCC_PREPROCESSOR_DEFINITIONS = (
					"DEBUG=1",
					"$(inherited)",
				);
				GCC_WARN_64_TO_32_BIT_CONVERSION = YES;
				GCC_WARN_ABOUT_RETURN_TYPE = YES_ERROR;
				GCC_WARN_UNDECLARED_SELECTOR = YES;
				GCC_WARN_UNINITIALIZED_AUTOS = YES_AGGRESSIVE;
				GCC_WARN_UNUSED_FUNCTION = YES;
				GCC_WARN_UNUSED_VARIABLE = YES;
				IPHONEOS_DEPLOYMENT_TARGET = 17.4;
				LOCALIZATION_PREFERS_STRING_CATALOGS = YES;
				MTL_ENABLE_DEBUG_INFO = INCLUDE_SOURCE;
				MTL_FAST_MATH = YES;
				ONLY_ACTIVE_ARCH = YES;
				SDKROOT = iphoneos;
				SWIFT_ACTIVE_COMPILATION_CONDITIONS = "DEBUG $(inherited)";
				SWIFT_OPTIMIZATION_LEVEL = "-Onone";
			};
			name = Debug;
		};
		27419E802BCB38340041C1DD /* Release */ = {
			isa = XCBuildConfiguration;
			buildSettings = {
				ALWAYS_SEARCH_USER_PATHS = NO;
				ASSETCATALOG_COMPILER_GENERATE_SWIFT_ASSET_SYMBOL_EXTENSIONS = YES;
				CLANG_ANALYZER_NONNULL = YES;
				CLANG_ANALYZER_NUMBER_OBJECT_CONVERSION = YES_AGGRESSIVE;
				CLANG_CXX_LANGUAGE_STANDARD = "gnu++20";
				CLANG_ENABLE_MODULES = YES;
				CLANG_ENABLE_OBJC_ARC = YES;
				CLANG_ENABLE_OBJC_WEAK = YES;
				CLANG_WARN_BLOCK_CAPTURE_AUTORELEASING = YES;
				CLANG_WARN_BOOL_CONVERSION = YES;
				CLANG_WARN_COMMA = YES;
				CLANG_WARN_CONSTANT_CONVERSION = YES;
				CLANG_WARN_DEPRECATED_OBJC_IMPLEMENTATIONS = YES;
				CLANG_WARN_DIRECT_OBJC_ISA_USAGE = YES_ERROR;
				CLANG_WARN_DOCUMENTATION_COMMENTS = YES;
				CLANG_WARN_EMPTY_BODY = YES;
				CLANG_WARN_ENUM_CONVERSION = YES;
				CLANG_WARN_INFINITE_RECURSION = YES;
				CLANG_WARN_INT_CONVERSION = YES;
				CLANG_WARN_NON_LITERAL_NULL_CONVERSION = YES;
				CLANG_WARN_OBJC_IMPLICIT_RETAIN_SELF = YES;
				CLANG_WARN_OBJC_LITERAL_CONVERSION = YES;
				CLANG_WARN_OBJC_ROOT_CLASS = YES_ERROR;
				CLANG_WARN_QUOTED_INCLUDE_IN_FRAMEWORK_HEADER = YES;
				CLANG_WARN_RANGE_LOOP_ANALYSIS = YES;
				CLANG_WARN_STRICT_PROTOTYPES = YES;
				CLANG_WARN_SUSPICIOUS_MOVE = YES;
				CLANG_WARN_UNGUARDED_AVAILABILITY = YES_AGGRESSIVE;
				CLANG_WARN_UNREACHABLE_CODE = YES;
				CLANG_WARN__DUPLICATE_METHOD_MATCH = YES;
				COPY_PHASE_STRIP = NO;
				DEBUG_INFORMATION_FORMAT = "dwarf-with-dsym";
				ENABLE_NS_ASSERTIONS = NO;
				ENABLE_STRICT_OBJC_MSGSEND = YES;
				ENABLE_USER_SCRIPT_SANDBOXING = YES;
				GCC_C_LANGUAGE_STANDARD = gnu17;
				GCC_NO_COMMON_BLOCKS = YES;
				GCC_WARN_64_TO_32_BIT_CONVERSION = YES;
				GCC_WARN_ABOUT_RETURN_TYPE = YES_ERROR;
				GCC_WARN_UNDECLARED_SELECTOR = YES;
				GCC_WARN_UNINITIALIZED_AUTOS = YES_AGGRESSIVE;
				GCC_WARN_UNUSED_FUNCTION = YES;
				GCC_WARN_UNUSED_VARIABLE = YES;
				IPHONEOS_DEPLOYMENT_TARGET = 17.4;
				LOCALIZATION_PREFERS_STRING_CATALOGS = YES;
				MTL_ENABLE_DEBUG_INFO = NO;
				MTL_FAST_MATH = YES;
				SDKROOT = iphoneos;
				SWIFT_COMPILATION_MODE = wholemodule;
				VALIDATE_PRODUCT = YES;
			};
			name = Release;
		};
		27419E822BCB38340041C1DD /* Debug */ = {
			isa = XCBuildConfiguration;
			buildSettings = {
				ASSETCATALOG_COMPILER_APPICON_NAME = AppIcon;
				ASSETCATALOG_COMPILER_GLOBAL_ACCENT_COLOR_NAME = AccentColor;
				CODE_SIGN_STYLE = Automatic;
				CURRENT_PROJECT_VERSION = 1;
				DEVELOPMENT_ASSET_PATHS = "\"InMemory/Preview Content\"";
				ENABLE_PREVIEWS = YES;
				ENABLE_USER_SCRIPT_SANDBOXING = NO;
				GENERATE_INFOPLIST_FILE = YES;
				INFOPLIST_KEY_UIApplicationSceneManifest_Generation = YES;
				INFOPLIST_KEY_UIApplicationSupportsIndirectInputEvents = YES;
				INFOPLIST_KEY_UILaunchScreen_Generation = YES;
				INFOPLIST_KEY_UISupportedInterfaceOrientations_iPad = "UIInterfaceOrientationPortrait UIInterfaceOrientationPortraitUpsideDown UIInterfaceOrientationLandscapeLeft UIInterfaceOrientationLandscapeRight";
				INFOPLIST_KEY_UISupportedInterfaceOrientations_iPhone = "UIInterfaceOrientationPortrait UIInterfaceOrientationLandscapeLeft UIInterfaceOrientationLandscapeRight";
				LD_RUNPATH_SEARCH_PATHS = (
					"$(inherited)",
					"@executable_path/Frameworks",
				);
				MARKETING_VERSION = 1.0;
				PRODUCT_BUNDLE_IDENTIFIER = hasamatwins.InMemory;
				PRODUCT_NAME = "$(TARGET_NAME)";
				SWIFT_EMIT_LOC_STRINGS = YES;
				SWIFT_VERSION = 5.0;
				TARGETED_DEVICE_FAMILY = "1,2";
			};
			name = Debug;
		};
		27419E832BCB38340041C1DD /* Release */ = {
			isa = XCBuildConfiguration;
			buildSettings = {
				ASSETCATALOG_COMPILER_APPICON_NAME = AppIcon;
				ASSETCATALOG_COMPILER_GLOBAL_ACCENT_COLOR_NAME = AccentColor;
				CODE_SIGN_STYLE = Automatic;
				CURRENT_PROJECT_VERSION = 1;
				DEVELOPMENT_ASSET_PATHS = "\"InMemory/Preview Content\"";
				ENABLE_PREVIEWS = YES;
				ENABLE_USER_SCRIPT_SANDBOXING = NO;
				GENERATE_INFOPLIST_FILE = YES;
				INFOPLIST_KEY_UIApplicationSceneManifest_Generation = YES;
				INFOPLIST_KEY_UIApplicationSupportsIndirectInputEvents = YES;
				INFOPLIST_KEY_UILaunchScreen_Generation = YES;
				INFOPLIST_KEY_UISupportedInterfaceOrientations_iPad = "UIInterfaceOrientationPortrait UIInterfaceOrientationPortraitUpsideDown UIInterfaceOrientationLandscapeLeft UIInterfaceOrientationLandscapeRight";
				INFOPLIST_KEY_UISupportedInterfaceOrientations_iPhone = "UIInterfaceOrientationPortrait UIInterfaceOrientationLandscapeLeft UIInterfaceOrientationLandscapeRight";
				LD_RUNPATH_SEARCH_PATHS = (
					"$(inherited)",
					"@executable_path/Frameworks",
				);
				MARKETING_VERSION = 1.0;
				PRODUCT_BUNDLE_IDENTIFIER = hasamatwins.InMemory;
				PRODUCT_NAME = "$(TARGET_NAME)";
				SWIFT_EMIT_LOC_STRINGS = YES;
				SWIFT_VERSION = 5.0;
				TARGETED_DEVICE_FAMILY = "1,2";
			};
			name = Release;
		};
/* End XCBuildConfiguration section */

/* Begin XCConfigurationList section */
		27419E6E2BCB38320041C1DD /* Build configuration list for PBXProject "InMemory" */ = {
			isa = XCConfigurationList;
			buildConfigurations = (
				27419E7F2BCB38340041C1DD /* Debug */,
				27419E802BCB38340041C1DD /* Release */,
			);
			defaultConfigurationIsVisible = 0;
			defaultConfigurationName = Release;
		};
		27419E812BCB38340041C1DD /* Build configuration list for PBXNativeTarget "InMemory" */ = {
			isa = XCConfigurationList;
			buildConfigurations = (
				27419E822BCB38340041C1DD /* Debug */,
				27419E832BCB38340041C1DD /* Release */,
			);
			defaultConfigurationIsVisible = 0;
			defaultConfigurationName = Release;
		};
/* End XCConfigurationList section */

/* Begin XCRemoteSwiftPackageReference section */
		4B66E9342BCB89BF00570E87 /* XCRemoteSwiftPackageReference "firebase-ios-sdk" */ = {
			isa = XCRemoteSwiftPackageReference;
			repositoryURL = "https://github.com/firebase/firebase-ios-sdk";
			requirement = {
				kind = upToNextMajorVersion;
				minimumVersion = 10.24.0;
			};
		};
/* End XCRemoteSwiftPackageReference section */

/* Begin XCSwiftPackageProductDependency section */
		4B66E9352BCB89BF00570E87 /* FirebaseFirestore */ = {
			isa = XCSwiftPackageProductDependency;
			package = 4B66E9342BCB89BF00570E87 /* XCRemoteSwiftPackageReference "firebase-ios-sdk" */;
			productName = FirebaseFirestore;
		};
		4B66E9372BCB89BF00570E87 /* FirebaseFirestoreSwift */ = {
			isa = XCSwiftPackageProductDependency;
			package = 4B66E9342BCB89BF00570E87 /* XCRemoteSwiftPackageReference "firebase-ios-sdk" */;
			productName = FirebaseFirestoreSwift;
		};
		4B66E9392BCB89BF00570E87 /* FirebaseStorage */ = {
			isa = XCSwiftPackageProductDependency;
			package = 4B66E9342BCB89BF00570E87 /* XCRemoteSwiftPackageReference "firebase-ios-sdk" */;
			productName = FirebaseStorage;
		};
/* End XCSwiftPackageProductDependency section */
	};
	rootObject = 27419E6B2BCB38320041C1DD /* Project object */;
}
